
Microsoft Visual Studio Solution File, Format Version 12.00
# Visual Studio Version 17
VisualStudioVersion = 17.2.32616.157
MinimumVisualStudioVersion = 10.0.40219.1
Project("{FAE04EC0-301F-11D3-BF4B-00C04F79EFBC}") = "Tiefsee.QuickLook", "Tiefsee.QuickLook\Tiefsee.QuickLook.csproj", "{7BDA7292-382B-41D9-A179-6F149B6CEC99}"
EndProject
Global
	GlobalSection(SolutionConfigurationPlatforms) = preSolution
		Debug|Any CPU = Debug|Any CPU
		Release|Any CPU = Release|Any CPU
	EndGlobalSection
	GlobalSection(ProjectConfigurationPlatforms) = postSolution
		{7BDA7292-382B-41D9-A179-6F149B6CEC99}.Debug|Any CPU.ActiveCfg = Debug|Any CPU
		{7BDA7292-382B-41D9-A179-6F149B6CEC99}.Debug|Any CPU.Build.0 = Debug|Any CPU
		{7BDA7292-382B-41D9-A179-6F149B6CEC99}.Release|Any CPU.ActiveCfg = Release|Any CPU
		{7BDA7292-382B-41D9-A179-6F149B6CEC99}.Release|Any CPU.Build.0 = Release|Any CPU
	EndGlobalSection
	GlobalSection(SolutionProperties) = preSolution
		HideSolutionNode = FALSE
	EndGlobalSection
	GlobalSection(ExtensibilityGlobals) = postSolution
		SolutionGuid = {14B50577-E142-474B-AD05-F1EC7F346645}
	EndGlobalSection
EndGlobal
